
Microsoft Visual Studio Solution File, Format Version 12.00
# Visual Studio Version 17
VisualStudioVersion = 17.5.33516.290
MinimumVisualStudioVersion = 10.0.40219.1
Project("{9A19103F-16F7-4668-BE54-9A1E7A4F7556}") = "BmiCalculator", "BmiCalculator\BmiCalculator.csproj", "{024A3DC7-ADD2-4251-BA65-E8DDFA470CED}"
EndProject
Project("{FAE04EC0-301F-11D3-BF4B-00C04F79EFBC}") = "BmiCalculator.UnitTests", "BmiCalculator.UnitTests\BmiCalculator.UnitTests.csproj", "{16971C8D-FF05-4D6A-BBC8-B80B75517E85}"
EndProject
Global
	GlobalSection(SolutionConfigurationPlatforms) = preSolution
		Debug|Any CPU = Debug|Any CPU
		Release|Any CPU = Release|Any CPU
	EndGlobalSection
	GlobalSection(ProjectConfigurationPlatforms) = postSolution
		{024A3DC7-ADD2-4251-BA65-E8DDFA470CED}.Debug|Any CPU.ActiveCfg = Debug|Any CPU
		{024A3DC7-ADD2-4251-BA65-E8DDFA470CED}.Debug|Any CPU.Build.0 = Debug|Any CPU
		{024A3DC7-ADD2-4251-BA65-E8DDFA470CED}.Release|Any CPU.ActiveCfg = Release|Any CPU
		{024A3DC7-ADD2-4251-BA65-E8DDFA470CED}.Release|Any CPU.Build.0 = Release|Any CPU
		{16971C8D-FF05-4D6A-BBC8-B80B75517E85}.Debug|Any CPU.ActiveCfg = Debug|Any CPU
		{16971C8D-FF05-4D6A-BBC8-B80B75517E85}.Debug|Any CPU.Build.0 = Debug|Any CPU
		{16971C8D-FF05-4D6A-BBC8-B80B75517E85}.Release|Any CPU.ActiveCfg = Release|Any CPU
		{16971C8D-FF05-4D6A-BBC8-B80B75517E85}.Release|Any CPU.Build.0 = Release|Any CPU
	EndGlobalSection
	GlobalSection(SolutionProperties) = preSolution
		HideSolutionNode = FALSE
	EndGlobalSection
	GlobalSection(ExtensibilityGlobals) = postSolution
		SolutionGuid = {75EB3E5D-43E9-4D9E-B5D6-66F1AA1255E3}
	EndGlobalSection
EndGlobal
